{
  "name": "@nodestrap/visually-hidden",
  "version": "4.0.1",
  "lockfileVersion": 2,
  "requires": true,
  "packages": {
    "": {
      "name": "@nodestrap/visually-hidden",
      "version": "4.0.1",
      "license": "ISC",
      "dependencies": {
        "@cssfn/cssfn": "^1.0.3",
        "@cssfn/react-cssfn": "^1.0.3",
        "@nodestrap/element": "^4.0.2",
        "@types/react": "^17.0.37",
        "react": "^17.0.2"
      }
    },
    "node_modules/@babel/runtime": {
      "version": "7.16.3",
      "resolved": "https://registry.npmjs.org/@babel/runtime/-/runtime-7.16.3.tgz",
      "integrity": "sha512-WBwekcqacdY2e9AF/Q7WLFUWmdJGJTkbjqTjoMDgXkVZ3ZRUvOPsLb5KdwISoQVsbP+DQzVZW4Zhci0DvpbNTQ==",
      "dependencies": {
        "regenerator-runtime": "^0.13.4"
      },
      "engines": {
        "node": ">=6.9.0"
      }
    },
    "node_modules/@cssfn/css-types": {
      "version": "1.0.2",
      "resolved": "https://registry.npmjs.org/@cssfn/css-types/-/css-types-1.0.2.tgz",
      "integrity": "sha512-DiYzAFmRW5iyF6xplAFDrlOVIl+waRH7maF9fmGDXLBehOEa+2Y6DSGZopTsPJP/vXc6ctjMAyN0loIizfve5w==",
      "dependencies": {
        "@cssfn/jss-plugin-extend": "^1.0.1",
        "@cssfn/types": "^1.0.3",
        "csstype": "^3.0.10"
      }
    },
    "node_modules/@cssfn/cssfn": {
      "version": "1.0.3",
      "resolved": "https://registry.npmjs.org/@cssfn/cssfn/-/cssfn-1.0.3.tgz",
      "integrity": "sha512-PeTHAmApKUDzRoCPpbwCe+OAvuGodUe9nA3LShhkm7F2llZZWZFTPmm5aw/23DXo+qWHbo0NwYRqz/ze17SEFQ==",
      "dependencies": {
        "@cssfn/css-types": "^1.0.2",
        "@cssfn/jss-plugin-extend": "^1.0.1",
        "@cssfn/jss-plugin-global": "^1.0.1",
        "@cssfn/jss-plugin-short": "^1.0.1",
        "@cssfn/types": "^1.0.3",
        "camel-case": "^4.1.2",
        "jss": "^10.8.2",
        "jss-plugin-camel-case": "^10.8.2",
        "jss-plugin-expand": "^10.8.2",
        "jss-plugin-nested": "^10.8.2",
        "jss-plugin-vendor-prefixer": "^10.8.2",
        "pascal-case": "^3.1.2",
        "tiny-warning": "^1.0.3"
      }
    },
    "node_modules/@cssfn/jss-plugin-extend": {
      "version": "1.0.1",
      "resolved": "https://registry.npmjs.org/@cssfn/jss-plugin-extend/-/jss-plugin-extend-1.0.1.tgz",
      "integrity": "sha512-OGPKV6o+1anZ/TmwFPTEXjpdfFKvihLGznv/1pVeZnOyZvIGitfRRGuXPysqEoNdSBYOUxlYCkGKZm0pzzmz8w==",
      "dependencies": {
        "jss": "^10.8.2",
        "tiny-warning": "^1.0.3"
      }
    },
    "node_modules/@cssfn/jss-plugin-global": {
      "version": "1.0.1",
      "resolved": "https://registry.npmjs.org/@cssfn/jss-plugin-global/-/jss-plugin-global-1.0.1.tgz",
      "integrity": "sha512-dNCt3C+yo7JiMPzPUUpQ2ncJDpn5fYEMcHv68r3KoucCp6yZRUPg1SzXZgTI9LczYqDVHzVrSfz9oMTC4zWhwg==",
      "dependencies": {
        "@cssfn/jss-plugin-extend": "^1.0.1",
        "jss": "^10.8.2"
      }
    },
    "node_modules/@cssfn/jss-plugin-short": {
      "version": "1.0.1",
      "resolved": "https://registry.npmjs.org/@cssfn/jss-plugin-short/-/jss-plugin-short-1.0.1.tgz",
      "integrity": "sha512-eYTnICeLqeGOiBwQ+tDnsihdbeLH3XPEGkAsCRYfn/FL0I/cWeXJBq93B2Pp4vYaiSyuIkO06ecgndbXwmGpuA==",
      "dependencies": {
        "jss": "^10.8.2"
      }
    },
    "node_modules/@cssfn/react-cssfn": {
      "version": "1.0.3",
      "resolved": "https://registry.npmjs.org/@cssfn/react-cssfn/-/react-cssfn-1.0.3.tgz",
      "integrity": "sha512-l1F/AiRRfeGwGnVIFB0cDuwB0xk9UYRjv0R+sXSr8B3LdIulyXTzvJpbFOGVKVFXGuJkZ8/v9yTKji2IRmXtWw==",
      "dependencies": {
        "@cssfn/cssfn": "^1.0.3",
        "@cssfn/types": "^1.0.3",
        "@types/react": "^17.0.35",
        "jss": "^10.8.2",
        "react": "^17.0.2"
      }
    },
    "node_modules/@cssfn/types": {
      "version": "1.0.3",
      "resolved": "https://registry.npmjs.org/@cssfn/types/-/types-1.0.3.tgz",
      "integrity": "sha512-sPwZA2mIhnJO4AJ106QMPsqus2A4BoKP6ZkblS399wBNIrZNO97rY9CN9rfSNelrg3pSav2yFjZcHGhEu6iRRA=="
    },
    "node_modules/@nodestrap/element": {
      "version": "4.0.2",
      "resolved": "https://registry.npmjs.org/@nodestrap/element/-/element-4.0.2.tgz",
      "integrity": "sha512-R16LAmBbqPSi5GtIcP9EroA/SGROJHRyaUA6GDWQu9oE8yCPxskxxCjBYo5p625SsE8Qq1okhHL39L7fFgeYVg==",
      "dependencies": {
        "@cssfn/types": "^1.0.3",
        "@types/react": "^17.0.37",
        "react": "^17.0.2"
      }
    },
    "node_modules/@types/prop-types": {
      "version": "15.7.4",
      "resolved": "https://registry.npmjs.org/@types/prop-types/-/prop-types-15.7.4.tgz",
      "integrity": "sha512-rZ5drC/jWjrArrS8BR6SIr4cWpW09RNTYt9AMZo3Jwwif+iacXAqgVjm0B0Bv/S1jhDXKHqRVNCbACkJ89RAnQ=="
    },
    "node_modules/@types/react": {
      "version": "17.0.37",
      "resolved": "https://registry.npmjs.org/@types/react/-/react-17.0.37.tgz",
      "integrity": "sha512-2FS1oTqBGcH/s0E+CjrCCR9+JMpsu9b69RTFO+40ua43ZqP5MmQ4iUde/dMjWR909KxZwmOQIFq6AV6NjEG5xg==",
      "dependencies": {
        "@types/prop-types": "*",
        "@types/scheduler": "*",
        "csstype": "^3.0.2"
      }
    },
    "node_modules/@types/scheduler": {
      "version": "0.16.2",
      "resolved": "https://registry.npmjs.org/@types/scheduler/-/scheduler-0.16.2.tgz",
      "integrity": "sha512-hppQEBDmlwhFAXKJX2KnWLYu5yMfi91yazPb2l+lbJiwW+wdo1gNeRA+3RgNSO39WYX2euey41KEwnqesU2Jew=="
    },
    "node_modules/camel-case": {
      "version": "4.1.2",
      "resolved": "https://registry.npmjs.org/camel-case/-/camel-case-4.1.2.tgz",
      "integrity": "sha512-gxGWBrTT1JuMx6R+o5PTXMmUnhnVzLQ9SNutD4YqKtI6ap897t3tKECYla6gCWEkplXnlNybEkZg9GEGxKFCgw==",
      "dependencies": {
        "pascal-case": "^3.1.2",
        "tslib": "^2.0.3"
      }
    },
    "node_modules/css-vendor": {
      "version": "2.0.8",
      "resolved": "https://registry.npmjs.org/css-vendor/-/css-vendor-2.0.8.tgz",
      "integrity": "sha512-x9Aq0XTInxrkuFeHKbYC7zWY8ai7qJ04Kxd9MnvbC1uO5DagxoHQjm4JvG+vCdXOoFtCjbL2XSZfxmoYa9uQVQ==",
      "dependencies": {
        "@babel/runtime": "^7.8.3",
        "is-in-browser": "^1.0.2"
      }
    },
    "node_modules/csstype": {
      "version": "3.0.10",
      "resolved": "https://registry.npmjs.org/csstype/-/csstype-3.0.10.tgz",
      "integrity": "sha512-2u44ZG2OcNUO9HDp/Jl8C07x6pU/eTR3ncV91SiK3dhG9TWvRVsCoJw14Ckx5DgWkzGA3waZWO3d7pgqpUI/XA=="
    },
    "node_modules/hyphenate-style-name": {
      "version": "1.0.4",
      "resolved": "https://registry.npmjs.org/hyphenate-style-name/-/hyphenate-style-name-1.0.4.tgz",
      "integrity": "sha512-ygGZLjmXfPHj+ZWh6LwbC37l43MhfztxetbFCoYTM2VjkIUpeHgSNn7QIyVFj7YQ1Wl9Cbw5sholVJPzWvC2MQ=="
    },
    "node_modules/is-in-browser": {
      "version": "1.1.3",
      "resolved": "https://registry.npmjs.org/is-in-browser/-/is-in-browser-1.1.3.tgz",
      "integrity": "sha1-Vv9NtoOgeMYILrldrX3GLh0E+DU="
    },
    "node_modules/js-tokens": {
      "version": "4.0.0",
      "resolved": "https://registry.npmjs.org/js-tokens/-/js-tokens-4.0.0.tgz",
      "integrity": "sha512-RdJUflcE3cUzKiMqQgsCu06FPu9UdIJO0beYbPhHN4k6apgJtifcoCtT9bcxOpYBtpD2kCM6Sbzg4CausW/PKQ=="
    },
    "node_modules/jss": {
      "version": "10.8.2",
      "resolved": "https://registry.npmjs.org/jss/-/jss-10.8.2.tgz",
      "integrity": "sha512-FkoUNxI329CKQ9OQC8L72MBF9KPf5q8mIupAJ5twU7G7XREW7ahb+7jFfrjZ4iy1qvhx1HwIWUIvkZBDnKkEdQ==",
      "dependencies": {
        "@babel/runtime": "^7.3.1",
        "csstype": "^3.0.2",
        "is-in-browser": "^1.1.3",
        "tiny-warning": "^1.0.2"
      },
      "funding": {
        "type": "opencollective",
        "url": "https://opencollective.com/jss"
      }
    },
    "node_modules/jss-plugin-camel-case": {
      "version": "10.8.2",
      "resolved": "https://registry.npmjs.org/jss-plugin-camel-case/-/jss-plugin-camel-case-10.8.2.tgz",
      "integrity": "sha512-2INyxR+1UdNuKf4v9It3tNfPvf7IPrtkiwzofeKuMd5D58/dxDJVUQYRVg/n460rTlHUfsEQx43hDrcxi9dSPA==",
      "dependencies": {
        "@babel/runtime": "^7.3.1",
        "hyphenate-style-name": "^1.0.3",
        "jss": "10.8.2"
      }
    },
    "node_modules/jss-plugin-expand": {
      "version": "10.8.2",
      "resolved": "https://registry.npmjs.org/jss-plugin-expand/-/jss-plugin-expand-10.8.2.tgz",
      "integrity": "sha512-Iy4qsZbEcomXz5aBZJYGwnzK23vK3hqlwGleqmd19fY3L+WbqTmUnW8W0fWeXSuCkw2NknBTAJuEpFcgm3b0Pw==",
      "dependencies": {
        "@babel/runtime": "^7.3.1",
        "jss": "10.8.2"
      }
    },
    "node_modules/jss-plugin-nested": {
      "version": "10.8.2",
      "resolved": "https://registry.npmjs.org/jss-plugin-nested/-/jss-plugin-nested-10.8.2.tgz",
      "integrity": "sha512-acRvuPJOb930fuYmhkJaa994EADpt8TxI63Iyg96C8FJ9T2xRyU5T6R1IYKRwUiqZo+2Sr7fdGzRTDD4uBZaMA==",
      "dependencies": {
        "@babel/runtime": "^7.3.1",
        "jss": "10.8.2",
        "tiny-warning": "^1.0.2"
      }
    },
    "node_modules/jss-plugin-vendor-prefixer": {
      "version": "10.8.2",
      "resolved": "https://registry.npmjs.org/jss-plugin-vendor-prefixer/-/jss-plugin-vendor-prefixer-10.8.2.tgz",
      "integrity": "sha512-DeGv18QsSiYLSVIEB2+l0af6OToUe0JB+trpzUxyqD2QRC/5AzzDrCrYffO5AHZ81QbffYvSN/pkfZaTWpRXlg==",
      "dependencies": {
        "@babel/runtime": "^7.3.1",
        "css-vendor": "^2.0.8",
        "jss": "10.8.2"
      }
    },
    "node_modules/loose-envify": {
      "version": "1.4.0",
      "resolved": "https://registry.npmjs.org/loose-envify/-/loose-envify-1.4.0.tgz",
      "integrity": "sha512-lyuxPGr/Wfhrlem2CL/UcnUc1zcqKAImBDzukY7Y5F/yQiNdko6+fRLevlw1HgMySw7f611UIY408EtxRSoK3Q==",
      "dependencies": {
        "js-tokens": "^3.0.0 || ^4.0.0"
      },
      "bin": {
        "loose-envify": "cli.js"
      }
    },
    "node_modules/lower-case": {
      "version": "2.0.2",
      "resolved": "https://registry.npmjs.org/lower-case/-/lower-case-2.0.2.tgz",
      "integrity": "sha512-7fm3l3NAF9WfN6W3JOmf5drwpVqX78JtoGJ3A6W0a6ZnldM41w2fV5D490psKFTpMds8TJse/eHLFFsNHHjHgg==",
      "dependencies": {
        "tslib": "^2.0.3"
      }
    },
    "node_modules/no-case": {
      "version": "3.0.4",
      "resolved": "https://registry.npmjs.org/no-case/-/no-case-3.0.4.tgz",
      "integrity": "sha512-fgAN3jGAh+RoxUGZHTSOLJIqUc2wmoBwGR4tbpNAKmmovFoWq0OdRkb0VkldReO2a2iBT/OEulG9XSUc10r3zg==",
      "dependencies": {
        "lower-case": "^2.0.2",
        "tslib": "^2.0.3"
      }
    },
    "node_modules/object-assign": {
      "version": "4.1.1",
      "resolved": "https://registry.npmjs.org/object-assign/-/object-assign-4.1.1.tgz",
      "integrity": "sha1-IQmtx5ZYh8/AXLvUQsrIv7s2CGM=",
      "engines": {
        "node": ">=0.10.0"
      }
    },
    "node_modules/pascal-case": {
      "version": "3.1.2",
      "resolved": "https://registry.npmjs.org/pascal-case/-/pascal-case-3.1.2.tgz",
      "integrity": "sha512-uWlGT3YSnK9x3BQJaOdcZwrnV6hPpd8jFH1/ucpiLRPh/2zCVJKS19E4GvYHvaCcACn3foXZ0cLB9Wrx1KGe5g==",
      "dependencies": {
        "no-case": "^3.0.4",
        "tslib": "^2.0.3"
      }
    },
    "node_modules/react": {
      "version": "17.0.2",
      "resolved": "https://registry.npmjs.org/react/-/react-17.0.2.tgz",
      "integrity": "sha512-gnhPt75i/dq/z3/6q/0asP78D0u592D5L1pd7M8P+dck6Fu/jJeL6iVVK23fptSUZj8Vjf++7wXA8UNclGQcbA==",
      "dependencies": {
        "loose-envify": "^1.1.0",
        "object-assign": "^4.1.1"
      },
      "engines": {
        "node": ">=0.10.0"
      }
    },
    "node_modules/regenerator-runtime": {
      "version": "0.13.9",
      "resolved": "https://registry.npmjs.org/regenerator-runtime/-/regenerator-runtime-0.13.9.tgz",
      "integrity": "sha512-p3VT+cOEgxFsRRA9X4lkI1E+k2/CtnKtU4gcxyaCUreilL/vqI6CdZ3wxVUx3UOUg+gnUOQQcRI7BmSI656MYA=="
    },
    "node_modules/tiny-warning": {
      "version": "1.0.3",
      "resolved": "https://registry.npmjs.org/tiny-warning/-/tiny-warning-1.0.3.tgz",
      "integrity": "sha512-lBN9zLN/oAf68o3zNXYrdCt1kP8WsiGW8Oo2ka41b2IM5JL/S1CTyX1rW0mb/zSuJun0ZUrDxx4sqvYS2FWzPA=="
    },
    "node_modules/tslib": {
      "version": "2.3.1",
      "resolved": "https://registry.npmjs.org/tslib/-/tslib-2.3.1.tgz",
      "integrity": "sha512-77EbyPPpMz+FRFRuAFlWMtmgUWGe9UOG2Z25NqCwiIjRhOf5iKGuzSe5P2w1laq+FkRy4p+PCuVkJSGkzTEKVw=="
    }
  },
  "dependencies": {
    "@babel/runtime": {
      "version": "7.16.3",
      "resolved": "https://registry.npmjs.org/@babel/runtime/-/runtime-7.16.3.tgz",
      "integrity": "sha512-WBwekcqacdY2e9AF/Q7WLFUWmdJGJTkbjqTjoMDgXkVZ3ZRUvOPsLb5KdwISoQVsbP+DQzVZW4Zhci0DvpbNTQ==",
      "requires": {
        "regenerator-runtime": "^0.13.4"
      }
    },
    "@cssfn/css-types": {
      "version": "1.0.2",
      "resolved": "https://registry.npmjs.org/@cssfn/css-types/-/css-types-1.0.2.tgz",
      "integrity": "sha512-DiYzAFmRW5iyF6xplAFDrlOVIl+waRH7maF9fmGDXLBehOEa+2Y6DSGZopTsPJP/vXc6ctjMAyN0loIizfve5w==",
      "requires": {
        "@cssfn/jss-plugin-extend": "^1.0.1",
        "@cssfn/types": "^1.0.3",
        "csstype": "^3.0.10"
      }
    },
    "@cssfn/cssfn": {
      "version": "1.0.3",
      "resolved": "https://registry.npmjs.org/@cssfn/cssfn/-/cssfn-1.0.3.tgz",
      "integrity": "sha512-PeTHAmApKUDzRoCPpbwCe+OAvuGodUe9nA3LShhkm7F2llZZWZFTPmm5aw/23DXo+qWHbo0NwYRqz/ze17SEFQ==",
      "requires": {
        "@cssfn/css-types": "^1.0.2",
        "@cssfn/jss-plugin-extend": "^1.0.1",
        "@cssfn/jss-plugin-global": "^1.0.1",
        "@cssfn/jss-plugin-short": "^1.0.1",
        "@cssfn/types": "^1.0.3",
        "camel-case": "^4.1.2",
        "jss": "^10.8.2",
        "jss-plugin-camel-case": "^10.8.2",
        "jss-plugin-expand": "^10.8.2",
        "jss-plugin-nested": "^10.8.2",
        "jss-plugin-vendor-prefixer": "^10.8.2",
        "pascal-case": "^3.1.2",
        "tiny-warning": "^1.0.3"
      }
    },
    "@cssfn/jss-plugin-extend": {
      "version": "1.0.1",
      "resolved": "https://registry.npmjs.org/@cssfn/jss-plugin-extend/-/jss-plugin-extend-1.0.1.tgz",
      "integrity": "sha512-OGPKV6o+1anZ/TmwFPTEXjpdfFKvihLGznv/1pVeZnOyZvIGitfRRGuXPysqEoNdSBYOUxlYCkGKZm0pzzmz8w==",
      "requires": {
        "jss": "^10.8.2",
        "tiny-warning": "^1.0.3"
      }
    },
    "@cssfn/jss-plugin-global": {
      "version": "1.0.1",
      "resolved": "https://registry.npmjs.org/@cssfn/jss-plugin-global/-/jss-plugin-global-1.0.1.tgz",
      "integrity": "sha512-dNCt3C+yo7JiMPzPUUpQ2ncJDpn5fYEMcHv68r3KoucCp6yZRUPg1SzXZgTI9LczYqDVHzVrSfz9oMTC4zWhwg==",
      "requires": {
        "@cssfn/jss-plugin-extend": "^1.0.1",
        "jss": "^10.8.2"
      }
    },
    "@cssfn/jss-plugin-short": {
      "version": "1.0.1",
      "resolved": "https://registry.npmjs.org/@cssfn/jss-plugin-short/-/jss-plugin-short-1.0.1.tgz",
      "integrity": "sha512-eYTnICeLqeGOiBwQ+tDnsihdbeLH3XPEGkAsCRYfn/FL0I/cWeXJBq93B2Pp4vYaiSyuIkO06ecgndbXwmGpuA==",
      "requires": {
        "jss": "^10.8.2"
      }
    },
    "@cssfn/react-cssfn": {
      "version": "1.0.3",
      "resolved": "https://registry.npmjs.org/@cssfn/react-cssfn/-/react-cssfn-1.0.3.tgz",
      "integrity": "sha512-l1F/AiRRfeGwGnVIFB0cDuwB0xk9UYRjv0R+sXSr8B3LdIulyXTzvJpbFOGVKVFXGuJkZ8/v9yTKji2IRmXtWw==",
      "requires": {
        "@cssfn/cssfn": "^1.0.3",
        "@cssfn/types": "^1.0.3",
        "@types/react": "^17.0.35",
        "jss": "^10.8.2",
        "react": "^17.0.2"
      }
    },
    "@cssfn/types": {
      "version": "1.0.3",
      "resolved": "https://registry.npmjs.org/@cssfn/types/-/types-1.0.3.tgz",
      "integrity": "sha512-sPwZA2mIhnJO4AJ106QMPsqus2A4BoKP6ZkblS399wBNIrZNO97rY9CN9rfSNelrg3pSav2yFjZcHGhEu6iRRA=="
    },
    "@nodestrap/element": {
      "version": "4.0.2",
      "resolved": "https://registry.npmjs.org/@nodestrap/element/-/element-4.0.2.tgz",
      "integrity": "sha512-R16LAmBbqPSi5GtIcP9EroA/SGROJHRyaUA6GDWQu9oE8yCPxskxxCjBYo5p625SsE8Qq1okhHL39L7fFgeYVg==",
      "requires": {
        "@cssfn/types": "^1.0.3",
        "@types/react": "^17.0.37",
        "react": "^17.0.2"
      }
    },
    "@types/prop-types": {
      "version": "15.7.4",
      "resolved": "https://registry.npmjs.org/@types/prop-types/-/prop-types-15.7.4.tgz",
      "integrity": "sha512-rZ5drC/jWjrArrS8BR6SIr4cWpW09RNTYt9AMZo3Jwwif+iacXAqgVjm0B0Bv/S1jhDXKHqRVNCbACkJ89RAnQ=="
    },
    "@types/react": {
      "version": "17.0.37",
      "resolved": "https://registry.npmjs.org/@types/react/-/react-17.0.37.tgz",
      "integrity": "sha512-2FS1oTqBGcH/s0E+CjrCCR9+JMpsu9b69RTFO+40ua43ZqP5MmQ4iUde/dMjWR909KxZwmOQIFq6AV6NjEG5xg==",
      "requires": {
        "@types/prop-types": "*",
        "@types/scheduler": "*",
        "csstype": "^3.0.2"
      }
    },
    "@types/scheduler": {
      "version": "0.16.2",
      "resolved": "https://registry.npmjs.org/@types/scheduler/-/scheduler-0.16.2.tgz",
      "integrity": "sha512-hppQEBDmlwhFAXKJX2KnWLYu5yMfi91yazPb2l+lbJiwW+wdo1gNeRA+3RgNSO39WYX2euey41KEwnqesU2Jew=="
    },
    "camel-case": {
      "version": "4.1.2",
      "resolved": "https://registry.npmjs.org/camel-case/-/camel-case-4.1.2.tgz",
      "integrity": "sha512-gxGWBrTT1JuMx6R+o5PTXMmUnhnVzLQ9SNutD4YqKtI6ap897t3tKECYla6gCWEkplXnlNybEkZg9GEGxKFCgw==",
      "requires": {
        "pascal-case": "^3.1.2",
        "tslib": "^2.0.3"
      }
    },
    "css-vendor": {
      "version": "2.0.8",
      "resolved": "https://registry.npmjs.org/css-vendor/-/css-vendor-2.0.8.tgz",
      "integrity": "sha512-x9Aq0XTInxrkuFeHKbYC7zWY8ai7qJ04Kxd9MnvbC1uO5DagxoHQjm4JvG+vCdXOoFtCjbL2XSZfxmoYa9uQVQ==",
      "requires": {
        "@babel/runtime": "^7.8.3",
        "is-in-browser": "^1.0.2"
      }
    },
    "csstype": {
      "version": "3.0.10",
      "resolved": "https://registry.npmjs.org/csstype/-/csstype-3.0.10.tgz",
      "integrity": "sha512-2u44ZG2OcNUO9HDp/Jl8C07x6pU/eTR3ncV91SiK3dhG9TWvRVsCoJw14Ckx5DgWkzGA3waZWO3d7pgqpUI/XA=="
    },
    "hyphenate-style-name": {
      "version": "1.0.4",
      "resolved": "https://registry.npmjs.org/hyphenate-style-name/-/hyphenate-style-name-1.0.4.tgz",
      "integrity": "sha512-ygGZLjmXfPHj+ZWh6LwbC37l43MhfztxetbFCoYTM2VjkIUpeHgSNn7QIyVFj7YQ1Wl9Cbw5sholVJPzWvC2MQ=="
    },
    "is-in-browser": {
      "version": "1.1.3",
      "resolved": "https://registry.npmjs.org/is-in-browser/-/is-in-browser-1.1.3.tgz",
      "integrity": "sha1-Vv9NtoOgeMYILrldrX3GLh0E+DU="
    },
    "js-tokens": {
      "version": "4.0.0",
      "resolved": "https://registry.npmjs.org/js-tokens/-/js-tokens-4.0.0.tgz",
      "integrity": "sha512-RdJUflcE3cUzKiMqQgsCu06FPu9UdIJO0beYbPhHN4k6apgJtifcoCtT9bcxOpYBtpD2kCM6Sbzg4CausW/PKQ=="
    },
    "jss": {
      "version": "10.8.2",
      "resolved": "https://registry.npmjs.org/jss/-/jss-10.8.2.tgz",
      "integrity": "sha512-FkoUNxI329CKQ9OQC8L72MBF9KPf5q8mIupAJ5twU7G7XREW7ahb+7jFfrjZ4iy1qvhx1HwIWUIvkZBDnKkEdQ==",
      "requires": {
        "@babel/runtime": "^7.3.1",
        "csstype": "^3.0.2",
        "is-in-browser": "^1.1.3",
        "tiny-warning": "^1.0.2"
      }
    },
    "jss-plugin-camel-case": {
      "version": "10.8.2",
      "resolved": "https://registry.npmjs.org/jss-plugin-camel-case/-/jss-plugin-camel-case-10.8.2.tgz",
      "integrity": "sha512-2INyxR+1UdNuKf4v9It3tNfPvf7IPrtkiwzofeKuMd5D58/dxDJVUQYRVg/n460rTlHUfsEQx43hDrcxi9dSPA==",
      "requires": {
        "@babel/runtime": "^7.3.1",
        "hyphenate-style-name": "^1.0.3",
        "jss": "10.8.2"
      }
    },
    "jss-plugin-expand": {
      "version": "10.8.2",
      "resolved": "https://registry.npmjs.org/jss-plugin-expand/-/jss-plugin-expand-10.8.2.tgz",
      "integrity": "sha512-Iy4qsZbEcomXz5aBZJYGwnzK23vK3hqlwGleqmd19fY3L+WbqTmUnW8W0fWeXSuCkw2NknBTAJuEpFcgm3b0Pw==",
      "requires": {
        "@babel/runtime": "^7.3.1",
        "jss": "10.8.2"
      }
    },
    "jss-plugin-nested": {
      "version": "10.8.2",
      "resolved": "https://registry.npmjs.org/jss-plugin-nested/-/jss-plugin-nested-10.8.2.tgz",
      "integrity": "sha512-acRvuPJOb930fuYmhkJaa994EADpt8TxI63Iyg96C8FJ9T2xRyU5T6R1IYKRwUiqZo+2Sr7fdGzRTDD4uBZaMA==",
      "requires": {
        "@babel/runtime": "^7.3.1",
        "jss": "10.8.2",
        "tiny-warning": "^1.0.2"
      }
    },
    "jss-plugin-vendor-prefixer": {
      "version": "10.8.2",
      "resolved": "https://registry.npmjs.org/jss-plugin-vendor-prefixer/-/jss-plugin-vendor-prefixer-10.8.2.tgz",
      "integrity": "sha512-DeGv18QsSiYLSVIEB2+l0af6OToUe0JB+trpzUxyqD2QRC/5AzzDrCrYffO5AHZ81QbffYvSN/pkfZaTWpRXlg==",
      "requires": {
        "@babel/runtime": "^7.3.1",
        "css-vendor": "^2.0.8",
        "jss": "10.8.2"
      }
    },
    "loose-envify": {
      "version": "1.4.0",
      "resolved": "https://registry.npmjs.org/loose-envify/-/loose-envify-1.4.0.tgz",
      "integrity": "sha512-lyuxPGr/Wfhrlem2CL/UcnUc1zcqKAImBDzukY7Y5F/yQiNdko6+fRLevlw1HgMySw7f611UIY408EtxRSoK3Q==",
      "requires": {
        "js-tokens": "^3.0.0 || ^4.0.0"
      }
    },
    "lower-case": {
      "version": "2.0.2",
      "resolved": "https://registry.npmjs.org/lower-case/-/lower-case-2.0.2.tgz",
      "integrity": "sha512-7fm3l3NAF9WfN6W3JOmf5drwpVqX78JtoGJ3A6W0a6ZnldM41w2fV5D490psKFTpMds8TJse/eHLFFsNHHjHgg==",
      "requires": {
        "tslib": "^2.0.3"
      }
    },
    "no-case": {
      "version": "3.0.4",
      "resolved": "https://registry.npmjs.org/no-case/-/no-case-3.0.4.tgz",
      "integrity": "sha512-fgAN3jGAh+RoxUGZHTSOLJIqUc2wmoBwGR4tbpNAKmmovFoWq0OdRkb0VkldReO2a2iBT/OEulG9XSUc10r3zg==",
      "requires": {
        "lower-case": "^2.0.2",
        "tslib": "^2.0.3"
      }
    },
    "object-assign": {
      "version": "4.1.1",
      "resolved": "https://registry.npmjs.org/object-assign/-/object-assign-4.1.1.tgz",
      "integrity": "sha1-IQmtx5ZYh8/AXLvUQsrIv7s2CGM="
    },
    "pascal-case": {
      "version": "3.1.2",
      "resolved": "https://registry.npmjs.org/pascal-case/-/pascal-case-3.1.2.tgz",
      "integrity": "sha512-uWlGT3YSnK9x3BQJaOdcZwrnV6hPpd8jFH1/ucpiLRPh/2zCVJKS19E4GvYHvaCcACn3foXZ0cLB9Wrx1KGe5g==",
      "requires": {
        "no-case": "^3.0.4",
        "tslib": "^2.0.3"
      }
    },
    "react": {
      "version": "17.0.2",
      "resolved": "https://registry.npmjs.org/react/-/react-17.0.2.tgz",
      "integrity": "sha512-gnhPt75i/dq/z3/6q/0asP78D0u592D5L1pd7M8P+dck6Fu/jJeL6iVVK23fptSUZj8Vjf++7wXA8UNclGQcbA==",
      "requires": {
        "loose-envify": "^1.1.0",
        "object-assign": "^4.1.1"
      }
    },
    "regenerator-runtime": {
      "version": "0.13.9",
      "resolved": "https://registry.npmjs.org/regenerator-runtime/-/regenerator-runtime-0.13.9.tgz",
      "integrity": "sha512-p3VT+cOEgxFsRRA9X4lkI1E+k2/CtnKtU4gcxyaCUreilL/vqI6CdZ3wxVUx3UOUg+gnUOQQcRI7BmSI656MYA=="
    },
    "tiny-warning": {
      "version": "1.0.3",
      "resolved": "https://registry.npmjs.org/tiny-warning/-/tiny-warning-1.0.3.tgz",
      "integrity": "sha512-lBN9zLN/oAf68o3zNXYrdCt1kP8WsiGW8Oo2ka41b2IM5JL/S1CTyX1rW0mb/zSuJun0ZUrDxx4sqvYS2FWzPA=="
    },
    "tslib": {
      "version": "2.3.1",
      "resolved": "https://registry.npmjs.org/tslib/-/tslib-2.3.1.tgz",
      "integrity": "sha512-77EbyPPpMz+FRFRuAFlWMtmgUWGe9UOG2Z25NqCwiIjRhOf5iKGuzSe5P2w1laq+FkRy4p+PCuVkJSGkzTEKVw=="
    }
  }
}
